
Microsoft Visual Studio Solution File, Format Version 12.00
# Visual Studio Version 17
VisualStudioVersion = 17.5.33627.172
MinimumVisualStudioVersion = 10.0.40219.1
Project("{9A19103F-16F7-4668-BE54-9A1E7A4F7556}") = "I_Solid", "I_Solid\I_Solid.csproj", "{31D16128-D932-4063-90E0-2B6BA743B3DF}"
EndProject
Project("{FAE04EC0-301F-11D3-BF4B-00C04F79EFBC}") = "I_Solid_1", "I_Solid_1\I_Solid_1.csproj", "{01799345-2663-4390-985E-19677D87AAFC}"
EndProject
Global
	GlobalSection(SolutionConfigurationPlatforms) = preSolution
		Debug|Any CPU = Debug|Any CPU
		Release|Any CPU = Release|Any CPU
	EndGlobalSection
	GlobalSection(ProjectConfigurationPlatforms) = postSolution
		{31D16128-D932-4063-90E0-2B6BA743B3DF}.Debug|Any CPU.ActiveCfg = Debug|Any CPU
		{31D16128-D932-4063-90E0-2B6BA743B3DF}.Debug|Any CPU.Build.0 = Debug|Any CPU
		{31D16128-D932-4063-90E0-2B6BA743B3DF}.Release|Any CPU.ActiveCfg = Release|Any CPU
		{31D16128-D932-4063-90E0-2B6BA743B3DF}.Release|Any CPU.Build.0 = Release|Any CPU
		{01799345-2663-4390-985E-19677D87AAFC}.Debug|Any CPU.ActiveCfg = Debug|Any CPU
		{01799345-2663-4390-985E-19677D87AAFC}.Debug|Any CPU.Build.0 = Debug|Any CPU
		{01799345-2663-4390-985E-19677D87AAFC}.Release|Any CPU.ActiveCfg = Release|Any CPU
		{01799345-2663-4390-985E-19677D87AAFC}.Release|Any CPU.Build.0 = Release|Any CPU
	EndGlobalSection
	GlobalSection(SolutionProperties) = preSolution
		HideSolutionNode = FALSE
	EndGlobalSection
	GlobalSection(ExtensibilityGlobals) = postSolution
		SolutionGuid = {B20EDA21-C277-4E49-B24E-46ED2B3951C0}
	EndGlobalSection
EndGlobal
