
Microsoft Visual Studio Solution File, Format Version 12.00
# Visual Studio Version 17
VisualStudioVersion = 17.5.33627.172
MinimumVisualStudioVersion = 10.0.40219.1
Project("{9A19103F-16F7-4668-BE54-9A1E7A4F7556}") = "L_Solid", "L_Solid\L_Solid.csproj", "{0B194C6A-1B7E-42AD-8086-BFDABF560B3B}"
EndProject
Project("{FAE04EC0-301F-11D3-BF4B-00C04F79EFBC}") = "L_Solid_1", "L_Solid_1\L_Solid_1.csproj", "{87B79178-C180-4A86-929E-3472F92261A8}"
EndProject
Global
	GlobalSection(SolutionConfigurationPlatforms) = preSolution
		Debug|Any CPU = Debug|Any CPU
		Release|Any CPU = Release|Any CPU
	EndGlobalSection
	GlobalSection(ProjectConfigurationPlatforms) = postSolution
		{0B194C6A-1B7E-42AD-8086-BFDABF560B3B}.Debug|Any CPU.ActiveCfg = Debug|Any CPU
		{0B194C6A-1B7E-42AD-8086-BFDABF560B3B}.Debug|Any CPU.Build.0 = Debug|Any CPU
		{0B194C6A-1B7E-42AD-8086-BFDABF560B3B}.Release|Any CPU.ActiveCfg = Release|Any CPU
		{0B194C6A-1B7E-42AD-8086-BFDABF560B3B}.Release|Any CPU.Build.0 = Release|Any CPU
		{87B79178-C180-4A86-929E-3472F92261A8}.Debug|Any CPU.ActiveCfg = Debug|Any CPU
		{87B79178-C180-4A86-929E-3472F92261A8}.Debug|Any CPU.Build.0 = Debug|Any CPU
		{87B79178-C180-4A86-929E-3472F92261A8}.Release|Any CPU.ActiveCfg = Release|Any CPU
		{87B79178-C180-4A86-929E-3472F92261A8}.Release|Any CPU.Build.0 = Release|Any CPU
	EndGlobalSection
	GlobalSection(SolutionProperties) = preSolution
		HideSolutionNode = FALSE
	EndGlobalSection
	GlobalSection(ExtensibilityGlobals) = postSolution
		SolutionGuid = {0EC68DE3-5F9A-4841-89EC-5FDF4DF3EE42}
	EndGlobalSection
EndGlobal
